
Microsoft Visual Studio Solution File, Format Version 12.00
# Visual Studio Version 17
VisualStudioVersion = 17.13.35931.197 d17.13
MinimumVisualStudioVersion = 10.0.40219.1
Project("{FAE04EC0-301F-11D3-BF4B-00C04F79EFBC}") = "NesneProje", "NesneProje\NesneProje.csproj", "{092DC37A-1BBE-43D9-A772-AF71ECA55234}"
EndProject
Global
	GlobalSection(SolutionConfigurationPlatforms) = preSolution
		Debug|Any CPU = Debug|Any CPU
		Release|Any CPU = Release|Any CPU
	EndGlobalSection
	GlobalSection(ProjectConfigurationPlatforms) = postSolution
		{092DC37A-1BBE-43D9-A772-AF71ECA55234}.Debug|Any CPU.ActiveCfg = Debug|Any CPU
		{092DC37A-1BBE-43D9-A772-AF71ECA55234}.Debug|Any CPU.Build.0 = Debug|Any CPU
		{092DC37A-1BBE-43D9-A772-AF71ECA55234}.Release|Any CPU.ActiveCfg = Release|Any CPU
		{092DC37A-1BBE-43D9-A772-AF71ECA55234}.Release|Any CPU.Build.0 = Release|Any CPU
	EndGlobalSection
	GlobalSection(SolutionProperties) = preSolution
		HideSolutionNode = FALSE
	EndGlobalSection
	GlobalSection(ExtensibilityGlobals) = postSolution
		SolutionGuid = {119F7344-C23C-4E4E-92BB-8B0F8245AE09}
	EndGlobalSection
EndGlobal
